
Microsoft Visual Studio Solution File, Format Version 12.00
# Visual Studio Version 17
VisualStudioVersion = 17.7.34018.315
MinimumVisualStudioVersion = 10.0.40219.1
Project("{9A19103F-16F7-4668-BE54-9A1E7A4F7556}") = "RacoonCore", "RacoonCore.csproj", "{F53AC2ED-8735-4293-B28C-EB80FDDC3978}"
	ProjectSection(ProjectDependencies) = postProject
		{0E006991-5E66-4C3D-B2B8-905BFD47D7BE} = {0E006991-5E66-4C3D-B2B8-905BFD47D7BE}
		{15BF2416-84AC-4E30-AD41-CC9F834041DA} = {15BF2416-84AC-4E30-AD41-CC9F834041DA}
		{8A790E81-B70D-4ADB-98B4-B3C10395097B} = {8A790E81-B70D-4ADB-98B4-B3C10395097B}
		{EE048B79-121B-4CA2-8DC0-BF137E4FD334} = {EE048B79-121B-4CA2-8DC0-BF137E4FD334}
	EndProjectSection
EndProject
Project("{2150E333-8FDC-42A3-9474-1A3956D46DE8}") = "Presentation", "Presentation", "{4C590FE5-15DC-4680-8A6E-9D60A42D5259}"
EndProject
Project("{2150E333-8FDC-42A3-9474-1A3956D46DE8}") = "Core", "Core", "{96AF0550-1DC3-40CA-B8D0-273CAF710E4D}"
EndProject
Project("{2150E333-8FDC-42A3-9474-1A3956D46DE8}") = "Repository", "Repository", "{355773E5-49B1-43BD-A7E6-706EDAD17349}"
EndProject
Project("{2150E333-8FDC-42A3-9474-1A3956D46DE8}") = "Services", "Services", "{B6906E60-CEAD-4851-9D81-D95CAF89C0D4}"
EndProject
Project("{2150E333-8FDC-42A3-9474-1A3956D46DE8}") = "Data", "Data", "{F202E4CE-F69F-4827-BAF0-6EBE0B5F509F}"
EndProject
Project("{9A19103F-16F7-4668-BE54-9A1E7A4F7556}") = "Core", "..\Core\Core.csproj", "{8A790E81-B70D-4ADB-98B4-B3C10395097B}"
EndProject
Project("{9A19103F-16F7-4668-BE54-9A1E7A4F7556}") = "DataAccess", "..\DataAccess\DataAccess.csproj", "{15BF2416-84AC-4E30-AD41-CC9F834041DA}"
EndProject
Project("{9A19103F-16F7-4668-BE54-9A1E7A4F7556}") = "Entities", "..\Entities\Entities.csproj", "{76CCDA2D-B32D-4FFB-8E42-99A0D392D5C9}"
EndProject
Project("{9A19103F-16F7-4668-BE54-9A1E7A4F7556}") = "ViewModel", "..\ViewModel\ViewModel.csproj", "{EE048B79-121B-4CA2-8DC0-BF137E4FD334}"
EndProject
Project("{9A19103F-16F7-4668-BE54-9A1E7A4F7556}") = "RacoonProvider", "..\ContactProvider\RacoonProvider.csproj", "{65E46D1B-E117-47CD-856A-524C59ABB27C}"
EndProject
Project("{9A19103F-16F7-4668-BE54-9A1E7A4F7556}") = "Interfaces", "..\Interfaces\Interfaces.csproj", "{0E006991-5E66-4C3D-B2B8-905BFD47D7BE}"
EndProject
Project("{9A19103F-16F7-4668-BE54-9A1E7A4F7556}") = "RacoonCore.Api", "..\RacoonCore.Api\RacoonCore.Api.csproj", "{308B43E9-EC96-4F35-A042-B5ABF2059445}"
EndProject
Global
	GlobalSection(SolutionConfigurationPlatforms) = preSolution
		Debug|Any CPU = Debug|Any CPU
		Release|Any CPU = Release|Any CPU
	EndGlobalSection
	GlobalSection(ProjectConfigurationPlatforms) = postSolution
		{F53AC2ED-8735-4293-B28C-EB80FDDC3978}.Debug|Any CPU.ActiveCfg = Debug|Any CPU
		{F53AC2ED-8735-4293-B28C-EB80FDDC3978}.Debug|Any CPU.Build.0 = Debug|Any CPU
		{F53AC2ED-8735-4293-B28C-EB80FDDC3978}.Release|Any CPU.ActiveCfg = Release|Any CPU
		{F53AC2ED-8735-4293-B28C-EB80FDDC3978}.Release|Any CPU.Build.0 = Release|Any CPU
		{8A790E81-B70D-4ADB-98B4-B3C10395097B}.Debug|Any CPU.ActiveCfg = Debug|Any CPU
		{8A790E81-B70D-4ADB-98B4-B3C10395097B}.Debug|Any CPU.Build.0 = Debug|Any CPU
		{8A790E81-B70D-4ADB-98B4-B3C10395097B}.Release|Any CPU.ActiveCfg = Release|Any CPU
		{8A790E81-B70D-4ADB-98B4-B3C10395097B}.Release|Any CPU.Build.0 = Release|Any CPU
		{15BF2416-84AC-4E30-AD41-CC9F834041DA}.Debug|Any CPU.ActiveCfg = Debug|Any CPU
		{15BF2416-84AC-4E30-AD41-CC9F834041DA}.Debug|Any CPU.Build.0 = Debug|Any CPU
		{15BF2416-84AC-4E30-AD41-CC9F834041DA}.Release|Any CPU.ActiveCfg = Release|Any CPU
		{15BF2416-84AC-4E30-AD41-CC9F834041DA}.Release|Any CPU.Build.0 = Release|Any CPU
		{76CCDA2D-B32D-4FFB-8E42-99A0D392D5C9}.Debug|Any CPU.ActiveCfg = Debug|Any CPU
		{76CCDA2D-B32D-4FFB-8E42-99A0D392D5C9}.Debug|Any CPU.Build.0 = Debug|Any CPU
		{76CCDA2D-B32D-4FFB-8E42-99A0D392D5C9}.Release|Any CPU.ActiveCfg = Release|Any CPU
		{76CCDA2D-B32D-4FFB-8E42-99A0D392D5C9}.Release|Any CPU.Build.0 = Release|Any CPU
		{EE048B79-121B-4CA2-8DC0-BF137E4FD334}.Debug|Any CPU.ActiveCfg = Debug|Any CPU
		{EE048B79-121B-4CA2-8DC0-BF137E4FD334}.Debug|Any CPU.Build.0 = Debug|Any CPU
		{EE048B79-121B-4CA2-8DC0-BF137E4FD334}.Release|Any CPU.ActiveCfg = Release|Any CPU
		{EE048B79-121B-4CA2-8DC0-BF137E4FD334}.Release|Any CPU.Build.0 = Release|Any CPU
		{65E46D1B-E117-47CD-856A-524C59ABB27C}.Debug|Any CPU.ActiveCfg = Debug|Any CPU
		{65E46D1B-E117-47CD-856A-524C59ABB27C}.Debug|Any CPU.Build.0 = Debug|Any CPU
		{65E46D1B-E117-47CD-856A-524C59ABB27C}.Release|Any CPU.ActiveCfg = Release|Any CPU
		{65E46D1B-E117-47CD-856A-524C59ABB27C}.Release|Any CPU.Build.0 = Release|Any CPU
		{0E006991-5E66-4C3D-B2B8-905BFD47D7BE}.Debug|Any CPU.ActiveCfg = Debug|Any CPU
		{0E006991-5E66-4C3D-B2B8-905BFD47D7BE}.Debug|Any CPU.Build.0 = Debug|Any CPU
		{0E006991-5E66-4C3D-B2B8-905BFD47D7BE}.Release|Any CPU.ActiveCfg = Release|Any CPU
		{0E006991-5E66-4C3D-B2B8-905BFD47D7BE}.Release|Any CPU.Build.0 = Release|Any CPU
		{308B43E9-EC96-4F35-A042-B5ABF2059445}.Debug|Any CPU.ActiveCfg = Debug|Any CPU
		{308B43E9-EC96-4F35-A042-B5ABF2059445}.Debug|Any CPU.Build.0 = Debug|Any CPU
		{308B43E9-EC96-4F35-A042-B5ABF2059445}.Release|Any CPU.ActiveCfg = Release|Any CPU
		{308B43E9-EC96-4F35-A042-B5ABF2059445}.Release|Any CPU.Build.0 = Release|Any CPU
	EndGlobalSection
	GlobalSection(SolutionProperties) = preSolution
		HideSolutionNode = FALSE
	EndGlobalSection
	GlobalSection(NestedProjects) = preSolution
		{F53AC2ED-8735-4293-B28C-EB80FDDC3978} = {4C590FE5-15DC-4680-8A6E-9D60A42D5259}
		{8A790E81-B70D-4ADB-98B4-B3C10395097B} = {96AF0550-1DC3-40CA-B8D0-273CAF710E4D}
		{15BF2416-84AC-4E30-AD41-CC9F834041DA} = {F202E4CE-F69F-4827-BAF0-6EBE0B5F509F}
		{76CCDA2D-B32D-4FFB-8E42-99A0D392D5C9} = {F202E4CE-F69F-4827-BAF0-6EBE0B5F509F}
		{EE048B79-121B-4CA2-8DC0-BF137E4FD334} = {F202E4CE-F69F-4827-BAF0-6EBE0B5F509F}
		{65E46D1B-E117-47CD-856A-524C59ABB27C} = {355773E5-49B1-43BD-A7E6-706EDAD17349}
		{0E006991-5E66-4C3D-B2B8-905BFD47D7BE} = {B6906E60-CEAD-4851-9D81-D95CAF89C0D4}
		{308B43E9-EC96-4F35-A042-B5ABF2059445} = {4C590FE5-15DC-4680-8A6E-9D60A42D5259}
	EndGlobalSection
	GlobalSection(ExtensibilityGlobals) = postSolution
		SolutionGuid = {CE87B8DE-BDA5-492F-B627-A6DA549C3359}
	EndGlobalSection
EndGlobal
